// !$*UTF8*$!
{
	archiveVersion = 1;
	classes = {
	};
	objectVersion = 46;
	objects = {

/* Begin PBXBuildFile section */
		1D60589F0D05DD5A006BFB54 /* Foundation.framework in Frameworks */ = {isa = PBXBuildFile; fileRef = 1D30AB110D05D00D00671497 /* Foundation.framework */; };
		1DF5F4E00D08C38300B7A737 /* UIKit.framework in Frameworks */ = {isa = PBXBuildFile; fileRef = 1DF5F4DF0D08C38300B7A737 /* UIKit.framework */; settings = {ATTRIBUTES = (Weak, ); }; };
		6345E6271376583C005AF247 /* UserDefaults.plist in Resources */ = {isa = PBXBuildFile; fileRef = 6345E6251376583C005AF247 /* UserDefaults.plist */; };
		6345E6351376585D005AF247 /* Icon-72.png in Resources */ = {isa = PBXBuildFile; fileRef = 6345E6291376585D005AF247 /* Icon-72.png */; };
		6345E6361376585D005AF247 /* Icon-Small-50.png in Resources */ = {isa = PBXBuildFile; fileRef = 6345E62A1376585D005AF247 /* Icon-Small-50.png */; };
		6345E6371376585D005AF247 /* Icon-Small.png in Resources */ = {isa = PBXBuildFile; fileRef = 6345E62B1376585D005AF247 /* Icon-Small.png */; };
		6345E6381376585D005AF247 /* Icon-Small@2x.png in Resources */ = {isa = PBXBuildFile; fileRef = 6345E62C1376585D005AF247 /* Icon-Small@2x.png */; };
		6345E6391376585D005AF247 /* Icon.png in Resources */ = {isa = PBXBuildFile; fileRef = 6345E62D1376585D005AF247 /* Icon.png */; };
		6345E63A1376585D005AF247 /* Icon@2x.png in Resources */ = {isa = PBXBuildFile; fileRef = 6345E62E1376585D005AF247 /* Icon@2x.png */; };
		6345E63B1376585D005AF247 /* iTunesArtwork in Resources */ = {isa = PBXBuildFile; fileRef = 6345E62F1376585D005AF247 /* iTunesArtwork */; };
		6345E63C1376585D005AF247 /* Default@2x~iphone.png in Resources */ = {isa = PBXBuildFile; fileRef = 6345E6311376585D005AF247 /* Default@2x~iphone.png */; };
		6345E63D1376585D005AF247 /* Default~iphone.png in Resources */ = {isa = PBXBuildFile; fileRef = 6345E6321376585D005AF247 /* Default~iphone.png */; };
		6345E63E1376585D005AF247 /* LaunchPad-Landscape.png in Resources */ = {isa = PBXBuildFile; fileRef = 6345E6331376585D005AF247 /* LaunchPad-Landscape.png */; };
		6345E63F1376585D005AF247 /* LaunchPad-Portrait.png in Resources */ = {isa = PBXBuildFile; fileRef = 6345E6341376585D005AF247 /* LaunchPad-Portrait.png */; };
		6345E65413765ABF005AF247 /* TBKCContentViewController.m in Sources */ = {isa = PBXBuildFile; fileRef = 6345E64913765ABF005AF247 /* TBKCContentViewController.m */; };
		6345E65513765ABF005AF247 /* TBKCDetailViewController.m in Sources */ = {isa = PBXBuildFile; fileRef = 6345E64B13765ABF005AF247 /* TBKCDetailViewController.m */; };
		6345E65613765ABF005AF247 /* TBKCImagesViewController.m in Sources */ = {isa = PBXBuildFile; fileRef = 6345E64D13765ABF005AF247 /* TBKCImagesViewController.m */; };
		6345E65713765ABF005AF247 /* TBKCMasterViewController.m in Sources */ = {isa = PBXBuildFile; fileRef = 6345E64F13765ABF005AF247 /* TBKCMasterViewController.m */; };
		6345E65813765ABF005AF247 /* TBKCMoviesViewController.m in Sources */ = {isa = PBXBuildFile; fileRef = 6345E65113765ABF005AF247 /* TBKCMoviesViewController.m */; };
		6345E65913765ABF005AF247 /* TBKCSettingsViewController.m in Sources */ = {isa = PBXBuildFile; fileRef = 6345E65313765ABF005AF247 /* TBKCSettingsViewController.m */; };
		6345E65E13765ACA005AF247 /* TBKCApplicationDelegate.m in Sources */ = {isa = PBXBuildFile; fileRef = 6345E65B13765ACA005AF247 /* TBKCApplicationDelegate.m */; };
		6345E65F13765ACA005AF247 /* TBKCUserDefaults.m in Sources */ = {isa = PBXBuildFile; fileRef = 6345E65D13765ACA005AF247 /* TBKCUserDefaults.m */; };
		6384383F1040F1D700D29404 /* QuartzCore.framework in Frameworks */ = {isa = PBXBuildFile; fileRef = 6384383E1040F1D700D29404 /* QuartzCore.framework */; };
		6384395E1040F72D00D29404 /* main.m in Sources */ = {isa = PBXBuildFile; fileRef = 638438161040EB5400D29404 /* main.m */; };
		6384395F1040F75F00D29404 /* Localizable.strings in Resources */ = {isa = PBXBuildFile; fileRef = 6384381B1040EB5400D29404 /* Localizable.strings */; };
		638439601040F76100D29404 /* InfoPlist.strings in Resources */ = {isa = PBXBuildFile; fileRef = 638438191040EB5400D29404 /* InfoPlist.strings */; };
		638F2F1B108AD8DF0021685E /* Settings.bundle in Resources */ = {isa = PBXBuildFile; fileRef = 638F2F1A108AD8DF0021685E /* Settings.bundle */; };
		63A2B5CD170A5597006923B2 /* Default-568h@2x.png in Resources */ = {isa = PBXBuildFile; fileRef = 63A2B5CC170A5597006923B2 /* Default-568h@2x.png */; };
		63D9E60C12C707C00083EEB8 /* Book.png in Resources */ = {isa = PBXBuildFile; fileRef = 63D9E60212C707C00083EEB8 /* Book.png */; };
		63D9E60D12C707C00083EEB8 /* Book@2x.png in Resources */ = {isa = PBXBuildFile; fileRef = 63D9E60312C707C00083EEB8 /* Book@2x.png */; };
		63D9E61012C707C00083EEB8 /* Bookmarks.png in Resources */ = {isa = PBXBuildFile; fileRef = 63D9E60612C707C00083EEB8 /* Bookmarks.png */; };
		63D9E61112C707C00083EEB8 /* Bookmarks@2x.png in Resources */ = {isa = PBXBuildFile; fileRef = 63D9E60712C707C00083EEB8 /* Bookmarks@2x.png */; };
		63E4E5941289FA70008AFD0A /* CoreGraphics.framework in Frameworks */ = {isa = PBXBuildFile; fileRef = 288765FC0DF74451002DB57D /* CoreGraphics.framework */; };
		63F77EB512F007BD008C61E0 /* Bulb.png in Resources */ = {isa = PBXBuildFile; fileRef = 63F77EA112F007BD008C61E0 /* Bulb.png */; };
		63F77EB612F007BD008C61E0 /* Bulb@2x.png in Resources */ = {isa = PBXBuildFile; fileRef = 63F77EA212F007BD008C61E0 /* Bulb@2x.png */; };
		63F77EC512F007BD008C61E0 /* Settings.png in Resources */ = {isa = PBXBuildFile; fileRef = 63F77EB112F007BD008C61E0 /* Settings.png */; };
		63F77EC612F007BD008C61E0 /* Settings@2x.png in Resources */ = {isa = PBXBuildFile; fileRef = 63F77EB212F007BD008C61E0 /* Settings@2x.png */; };
		63F77EC712F007BD008C61E0 /* Super8.png in Resources */ = {isa = PBXBuildFile; fileRef = 63F77EB312F007BD008C61E0 /* Super8.png */; };
		63F77EC812F007BD008C61E0 /* Super8@2x.png in Resources */ = {isa = PBXBuildFile; fileRef = 63F77EB412F007BD008C61E0 /* Super8@2x.png */; };
/* End PBXBuildFile section */

/* Begin PBXFileReference section */
		1D30AB110D05D00D00671497 /* Foundation.framework */ = {isa = PBXFileReference; lastKnownFileType = wrapper.framework; name = Foundation.framework; path = System/Library/Frameworks/Foundation.framework; sourceTree = SDKROOT; };
		1D6058910D05DD3D006BFB54 /* TabBarKitCatalog.app */ = {isa = PBXFileReference; explicitFileType = wrapper.application; includeInIndex = 0; path = TabBarKitCatalog.app; sourceTree = BUILT_PRODUCTS_DIR; };
		1DF5F4DF0D08C38300B7A737 /* UIKit.framework */ = {isa = PBXFileReference; lastKnownFileType = wrapper.framework; name = UIKit.framework; path = System/Library/Frameworks/UIKit.framework; sourceTree = SDKROOT; };
		288765FC0DF74451002DB57D /* CoreGraphics.framework */ = {isa = PBXFileReference; lastKnownFileType = wrapper.framework; name = CoreGraphics.framework; path = System/Library/Frameworks/CoreGraphics.framework; sourceTree = SDKROOT; };
		6345E6241376583C005AF247 /* Info.plist */ = {isa = PBXFileReference; fileEncoding = 4; lastKnownFileType = text.plist.xml; path = Info.plist; sourceTree = "<group>"; };
		6345E6251376583C005AF247 /* UserDefaults.plist */ = {isa = PBXFileReference; fileEncoding = 4; lastKnownFileType = text.plist.xml; path = UserDefaults.plist; sourceTree = "<group>"; };
		6345E6291376585D005AF247 /* Icon-72.png */ = {isa = PBXFileReference; lastKnownFileType = image.png; path = "Icon-72.png"; sourceTree = "<group>"; };
		6345E62A1376585D005AF247 /* Icon-Small-50.png */ = {isa = PBXFileReference; lastKnownFileType = image.png; path = "Icon-Small-50.png"; sourceTree = "<group>"; };
		6345E62B1376585D005AF247 /* Icon-Small.png */ = {isa = PBXFileReference; lastKnownFileType = image.png; path = "Icon-Small.png"; sourceTree = "<group>"; };
		6345E62C1376585D005AF247 /* Icon-Small@2x.png */ = {isa = PBXFileReference; lastKnownFileType = image.png; path = "Icon-Small@2x.png"; sourceTree = "<group>"; };
		6345E62D1376585D005AF247 /* Icon.png */ = {isa = PBXFileReference; lastKnownFileType = image.png; path = Icon.png; sourceTree = "<group>"; };
		6345E62E1376585D005AF247 /* Icon@2x.png */ = {isa = PBXFileReference; lastKnownFileType = image.png; path = "Icon@2x.png"; sourceTree = "<group>"; };
		6345E62F1376585D005AF247 /* iTunesArtwork */ = {isa = PBXFileReference; lastKnownFileType = file; path = iTunesArtwork; sourceTree = "<group>"; };
		6345E6311376585D005AF247 /* Default@2x~iphone.png */ = {isa = PBXFileReference; lastKnownFileType = image.png; path = "Default@2x~iphone.png"; sourceTree = "<group>"; };
		6345E6321376585D005AF247 /* Default~iphone.png */ = {isa = PBXFileReference; lastKnownFileType = image.png; path = "Default~iphone.png"; sourceTree = "<group>"; };
		6345E6331376585D005AF247 /* LaunchPad-Landscape.png */ = {isa = PBXFileReference; lastKnownFileType = image.png; path = "LaunchPad-Landscape.png"; sourceTree = "<group>"; };
		6345E6341376585D005AF247 /* LaunchPad-Portrait.png */ = {isa = PBXFileReference; lastKnownFileType = image.png; path = "LaunchPad-Portrait.png"; sourceTree = "<group>"; };
		6345E64813765ABF005AF247 /* TBKCContentViewController.h */ = {isa = PBXFileReference; fileEncoding = 4; lastKnownFileType = sourcecode.c.h; path = TBKCContentViewController.h; sourceTree = "<group>"; };
		6345E64913765ABF005AF247 /* TBKCContentViewController.m */ = {isa = PBXFileReference; fileEncoding = 4; lastKnownFileType = sourcecode.c.objc; path = TBKCContentViewController.m; sourceTree = "<group>"; };
		6345E64A13765ABF005AF247 /* TBKCDetailViewController.h */ = {isa = PBXFileReference; fileEncoding = 4; lastKnownFileType = sourcecode.c.h; path = TBKCDetailViewController.h; sourceTree = "<group>"; };
		6345E64B13765ABF005AF247 /* TBKCDetailViewController.m */ = {isa = PBXFileReference; fileEncoding = 4; lastKnownFileType = sourcecode.c.objc; path = TBKCDetailViewController.m; sourceTree = "<group>"; };
		6345E64C13765ABF005AF247 /* TBKCImagesViewController.h */ = {isa = PBXFileReference; fileEncoding = 4; lastKnownFileType = sourcecode.c.h; path = TBKCImagesViewController.h; sourceTree = "<group>"; };
		6345E64D13765ABF005AF247 /* TBKCImagesViewController.m */ = {isa = PBXFileReference; fileEncoding = 4; lastKnownFileType = sourcecode.c.objc; path = TBKCImagesViewController.m; sourceTree = "<group>"; };
		6345E64E13765ABF005AF247 /* TBKCMasterViewController.h */ = {isa = PBXFileReference; fileEncoding = 4; lastKnownFileType = sourcecode.c.h; path = TBKCMasterViewController.h; sourceTree = "<group>"; };
		6345E64F13765ABF005AF247 /* TBKCMasterViewController.m */ = {isa = PBXFileReference; fileEncoding = 4; lastKnownFileType = sourcecode.c.objc; path = TBKCMasterViewController.m; sourceTree = "<group>"; };
		6345E65013765ABF005AF247 /* TBKCMoviesViewController.h */ = {isa = PBXFileReference; fileEncoding = 4; lastKnownFileType = sourcecode.c.h; path = TBKCMoviesViewController.h; sourceTree = "<group>"; };
		6345E65113765ABF005AF247 /* TBKCMoviesViewController.m */ = {isa = PBXFileReference; fileEncoding = 4; lastKnownFileType = sourcecode.c.objc; path = TBKCMoviesViewController.m; sourceTree = "<group>"; };
		6345E65213765ABF005AF247 /* TBKCSettingsViewController.h */ = {isa = PBXFileReference; fileEncoding = 4; lastKnownFileType = sourcecode.c.h; path = TBKCSettingsViewController.h; sourceTree = "<group>"; };
		6345E65313765ABF005AF247 /* TBKCSettingsViewController.m */ = {isa = PBXFileReference; fileEncoding = 4; lastKnownFileType = sourcecode.c.objc; path = TBKCSettingsViewController.m; sourceTree = "<group>"; };
		6345E65A13765ACA005AF247 /* TBKCApplicationDelegate.h */ = {isa = PBXFileReference; fileEncoding = 4; lastKnownFileType = sourcecode.c.h; path = TBKCApplicationDelegate.h; sourceTree = "<group>"; };
		6345E65B13765ACA005AF247 /* TBKCApplicationDelegate.m */ = {isa = PBXFileReference; fileEncoding = 4; lastKnownFileType = sourcecode.c.objc; path = TBKCApplicationDelegate.m; sourceTree = "<group>"; };
		6345E65C13765ACA005AF247 /* TBKCUserDefaults.h */ = {isa = PBXFileReference; fileEncoding = 4; lastKnownFileType = sourcecode.c.h; path = TBKCUserDefaults.h; sourceTree = "<group>"; };
		6345E65D13765ACA005AF247 /* TBKCUserDefaults.m */ = {isa = PBXFileReference; fileEncoding = 4; lastKnownFileType = sourcecode.c.objc; path = TBKCUserDefaults.m; sourceTree = "<group>"; };
		638438061040EB4100D29404 /* Application.xcconfig */ = {isa = PBXFileReference; fileEncoding = 4; lastKnownFileType = text.xcconfig; name = Application.xcconfig; path = Configurations/Application.xcconfig; sourceTree = SOURCE_ROOT; };
		638438071040EB4100D29404 /* Project.xcconfig */ = {isa = PBXFileReference; fileEncoding = 4; lastKnownFileType = text.xcconfig; name = Project.xcconfig; path = Configurations/Project.xcconfig; sourceTree = SOURCE_ROOT; };
		638438151040EB5400D29404 /* TabBarKitCatalog.pch */ = {isa = PBXFileReference; fileEncoding = 4; lastKnownFileType = sourcecode.c.h; name = TabBarKitCatalog.pch; path = Source/Project/TabBarKitCatalog.pch; sourceTree = SOURCE_ROOT; };
		638438161040EB5400D29404 /* main.m */ = {isa = PBXFileReference; fileEncoding = 4; lastKnownFileType = sourcecode.c.objc; name = main.m; path = Source/Project/main.m; sourceTree = SOURCE_ROOT; };
		6384381A1040EB5400D29404 /* en */ = {isa = PBXFileReference; fileEncoding = 10; lastKnownFileType = text.plist.strings; name = en; path = en.lproj/InfoPlist.strings; sourceTree = "<group>"; };
		6384381C1040EB5400D29404 /* en */ = {isa = PBXFileReference; fileEncoding = 10; lastKnownFileType = text.plist.strings; name = en; path = en.lproj/Localizable.strings; sourceTree = "<group>"; };
		6384383E1040F1D700D29404 /* QuartzCore.framework */ = {isa = PBXFileReference; lastKnownFileType = wrapper.framework; name = QuartzCore.framework; path = System/Library/Frameworks/QuartzCore.framework; sourceTree = SDKROOT; };
		638F2F1A108AD8DF0021685E /* Settings.bundle */ = {isa = PBXFileReference; lastKnownFileType = "wrapper.plug-in"; name = Settings.bundle; path = Source/Resources/Bundles/Settings.bundle; sourceTree = SOURCE_ROOT; };
		63A2B5CC170A5597006923B2 /* Default-568h@2x.png */ = {isa = PBXFileReference; lastKnownFileType = image.png; path = "Default-568h@2x.png"; sourceTree = "<group>"; };
		63D9E60212C707C00083EEB8 /* Book.png */ = {isa = PBXFileReference; lastKnownFileType = image.png; name = Book.png; path = Source/Resources/Media/Images/Tabs/Book.png; sourceTree = SOURCE_ROOT; };
		63D9E60312C707C00083EEB8 /* Book@2x.png */ = {isa = PBXFileReference; lastKnownFileType = image.png; name = "Book@2x.png"; path = "Source/Resources/Media/Images/Tabs/Book@2x.png"; sourceTree = SOURCE_ROOT; };
		63D9E60612C707C00083EEB8 /* Bookmarks.png */ = {isa = PBXFileReference; lastKnownFileType = image.png; name = Bookmarks.png; path = Source/Resources/Media/Images/Tabs/Bookmarks.png; sourceTree = SOURCE_ROOT; };
		63D9E60712C707C00083EEB8 /* Bookmarks@2x.png */ = {isa = PBXFileReference; lastKnownFileType = image.png; name = "Bookmarks@2x.png"; path = "Source/Resources/Media/Images/Tabs/Bookmarks@2x.png"; sourceTree = SOURCE_ROOT; };
		63F77EA112F007BD008C61E0 /* Bulb.png */ = {isa = PBXFileReference; lastKnownFileType = image.png; name = Bulb.png; path = Source/Resources/Media/Images/Tabs/Bulb.png; sourceTree = SOURCE_ROOT; };
		63F77EA212F007BD008C61E0 /* Bulb@2x.png */ = {isa = PBXFileReference; lastKnownFileType = image.png; name = "Bulb@2x.png"; path = "Source/Resources/Media/Images/Tabs/Bulb@2x.png"; sourceTree = SOURCE_ROOT; };
		63F77EB112F007BD008C61E0 /* Settings.png */ = {isa = PBXFileReference; lastKnownFileType = image.png; name = Settings.png; path = Source/Resources/Media/Images/Tabs/Settings.png; sourceTree = SOURCE_ROOT; };
		63F77EB212F007BD008C61E0 /* Settings@2x.png */ = {isa = PBXFileReference; lastKnownFileType = image.png; name = "Settings@2x.png"; path = "Source/Resources/Media/Images/Tabs/Settings@2x.png"; sourceTree = SOURCE_ROOT; };
		63F77EB312F007BD008C61E0 /* Super8.png */ = {isa = PBXFileReference; lastKnownFileType = image.png; name = Super8.png; path = Source/Resources/Media/Images/Tabs/Super8.png; sourceTree = SOURCE_ROOT; };
		63F77EB412F007BD008C61E0 /* Super8@2x.png */ = {isa = PBXFileReference; lastKnownFileType = image.png; name = "Super8@2x.png"; path = "Source/Resources/Media/Images/Tabs/Super8@2x.png"; sourceTree = SOURCE_ROOT; };
		63F7E3DA137656490053B106 /* Debug.xcconfig */ = {isa = PBXFileReference; fileEncoding = 4; lastKnownFileType = text.xcconfig; name = Debug.xcconfig; path = Configurations/Debug.xcconfig; sourceTree = SOURCE_ROOT; };
		63F7E3DB137656490053B106 /* Release.xcconfig */ = {isa = PBXFileReference; fileEncoding = 4; lastKnownFileType = text.xcconfig; name = Release.xcconfig; path = Configurations/Release.xcconfig; sourceTree = SOURCE_ROOT; };
/* End PBXFileReference section */

/* Begin PBXFrameworksBuildPhase section */
		1D60588F0D05DD3D006BFB54 /* Frameworks */ = {
			isa = PBXFrameworksBuildPhase;
			buildActionMask = 2147483647;
			files = (
				1D60589F0D05DD5A006BFB54 /* Foundation.framework in Frameworks */,
				1DF5F4E00D08C38300B7A737 /* UIKit.framework in Frameworks */,
				6384383F1040F1D700D29404 /* QuartzCore.framework in Frameworks */,
				63E4E5941289FA70008AFD0A /* CoreGraphics.framework in Frameworks */,
			);
			runOnlyForDeploymentPostprocessing = 0;
		};
/* End PBXFrameworksBuildPhase section */

/* Begin PBXGroup section */
		19C28FACFE9D520D11CA2CBB /* Products */ = {
			isa = PBXGroup;
			children = (
				1D6058910D05DD3D006BFB54 /* TabBarKitCatalog.app */,
			);
			name = Products;
			sourceTree = "<group>";
		};
		29B97314FDCFA39411CA2CEA /* CustomTemplate */ = {
			isa = PBXGroup;
			children = (
				19C28FACFE9D520D11CA2CBB /* Products */,
				638438001040EADF00D29404 /* References */,
				638438041040EB4100D29404 /* Configurations */,
				638438171040EB5400D29404 /* Resources */,
				638438141040EB5400D29404 /* Project */,
				638438091040EB5400D29404 /* Classes */,
			);
			name = CustomTemplate;
			sourceTree = "<group>";
		};
		29B97323FDCFA39411CA2CEA /* Frameworks */ = {
			isa = PBXGroup;
			children = (
				288765FC0DF74451002DB57D /* CoreGraphics.framework */,
				1D30AB110D05D00D00671497 /* Foundation.framework */,
				6384383E1040F1D700D29404 /* QuartzCore.framework */,
				1DF5F4DF0D08C38300B7A737 /* UIKit.framework */,
			);
			name = Frameworks;
			sourceTree = "<group>";
		};
		6345E6231376583C005AF247 /* PropertyLists */ = {
			isa = PBXGroup;
			children = (
				6345E6241376583C005AF247 /* Info.plist */,
				6345E6251376583C005AF247 /* UserDefaults.plist */,
			);
			path = PropertyLists;
			sourceTree = "<group>";
		};
		6345E6281376585D005AF247 /* Icon */ = {
			isa = PBXGroup;
			children = (
				6345E6291376585D005AF247 /* Icon-72.png */,
				6345E62A1376585D005AF247 /* Icon-Small-50.png */,
				6345E62B1376585D005AF247 /* Icon-Small.png */,
				6345E62C1376585D005AF247 /* Icon-Small@2x.png */,
				6345E62D1376585D005AF247 /* Icon.png */,
				6345E62E1376585D005AF247 /* Icon@2x.png */,
				6345E62F1376585D005AF247 /* iTunesArtwork */,
			);
			path = Icon;
			sourceTree = "<group>";
		};
		6345E6301376585D005AF247 /* Launch */ = {
			isa = PBXGroup;
			children = (
				63A2B5CC170A5597006923B2 /* Default-568h@2x.png */,
				6345E6311376585D005AF247 /* Default@2x~iphone.png */,
				6345E6321376585D005AF247 /* Default~iphone.png */,
				6345E6331376585D005AF247 /* LaunchPad-Landscape.png */,
				6345E6341376585D005AF247 /* LaunchPad-Portrait.png */,
			);
			path = Launch;
			sourceTree = "<group>";
		};
		638438001040EADF00D29404 /* References */ = {
			isa = PBXGroup;
			children = (
				6384390E1040F20A00D29404 /* Projects */,
				29B97323FDCFA39411CA2CEA /* Frameworks */,
			);
			name = References;
			sourceTree = "<group>";
		};
		638438041040EB4100D29404 /* Configurations */ = {
			isa = PBXGroup;
			children = (
				638438071040EB4100D29404 /* Project.xcconfig */,
				638438061040EB4100D29404 /* Application.xcconfig */,
				63F7E3DA137656490053B106 /* Debug.xcconfig */,
				63F7E3DB137656490053B106 /* Release.xcconfig */,
			);
			path = Configurations;
			sourceTree = "<group>";
		};
		638438091040EB5400D29404 /* Classes */ = {
			isa = PBXGroup;
			children = (
				6384380A1040EB5400D29404 /* ApplicationDelegate */,
				638438111040EB5400D29404 /* Controllers */,
			);
			name = Classes;
			path = Source/Classes;
			sourceTree = SOURCE_ROOT;
		};
		6384380A1040EB5400D29404 /* ApplicationDelegate */ = {
			isa = PBXGroup;
			children = (
				6345E65A13765ACA005AF247 /* TBKCApplicationDelegate.h */,
				6345E65B13765ACA005AF247 /* TBKCApplicationDelegate.m */,
				6345E65C13765ACA005AF247 /* TBKCUserDefaults.h */,
				6345E65D13765ACA005AF247 /* TBKCUserDefaults.m */,
			);
			name = ApplicationDelegate;
			path = Source/Classes/ApplicationDelegate;
			sourceTree = SOURCE_ROOT;
		};
		638438111040EB5400D29404 /* Controllers */ = {
			isa = PBXGroup;
			children = (
				6345E64813765ABF005AF247 /* TBKCContentViewController.h */,
				6345E64913765ABF005AF247 /* TBKCContentViewController.m */,
				6345E64A13765ABF005AF247 /* TBKCDetailViewController.h */,
				6345E64B13765ABF005AF247 /* TBKCDetailViewController.m */,
				6345E64C13765ABF005AF247 /* TBKCImagesViewController.h */,
				6345E64D13765ABF005AF247 /* TBKCImagesViewController.m */,
				6345E64E13765ABF005AF247 /* TBKCMasterViewController.h */,
				6345E64F13765ABF005AF247 /* TBKCMasterViewController.m */,
				6345E65013765ABF005AF247 /* TBKCMoviesViewController.h */,
				6345E65113765ABF005AF247 /* TBKCMoviesViewController.m */,
				6345E65213765ABF005AF247 /* TBKCSettingsViewController.h */,
				6345E65313765ABF005AF247 /* TBKCSettingsViewController.m */,
			);
			name = Controllers;
			path = Source/Classes/Controllers;
			sourceTree = SOURCE_ROOT;
		};
		638438141040EB5400D29404 /* Project */ = {
			isa = PBXGroup;
			children = (
				638438151040EB5400D29404 /* TabBarKitCatalog.pch */,
				638438161040EB5400D29404 /* main.m */,
			);
			name = Project;
			path = Source/Project;
			sourceTree = SOURCE_ROOT;
		};
		638438171040EB5400D29404 /* Resources */ = {
			isa = PBXGroup;
			children = (
				638F2F19108AD8DF0021685E /* Bundles */,
				638438181040EB5400D29404 /* Localizations */,
				63E4E5821289F8D3008AFD0A /* Media */,
				6345E6231376583C005AF247 /* PropertyLists */,
			);
			name = Resources;
			path = Source/Resources;
			sourceTree = SOURCE_ROOT;
		};
		638438181040EB5400D29404 /* Localizations */ = {
			isa = PBXGroup;
			children = (
				638438191040EB5400D29404 /* InfoPlist.strings */,
				6384381B1040EB5400D29404 /* Localizable.strings */,
			);
			name = Localizations;
			path = Source/Resources/Localizations;
			sourceTree = SOURCE_ROOT;
		};
		6384390E1040F20A00D29404 /* Projects */ = {
			isa = PBXGroup;
			children = (
			);
			name = Projects;
			sourceTree = "<group>";
		};
		638F2F19108AD8DF0021685E /* Bundles */ = {
			isa = PBXGroup;
			children = (
				638F2F1A108AD8DF0021685E /* Settings.bundle */,
			);
			name = Bundles;
			path = Source/Resources/Bundles;
			sourceTree = SOURCE_ROOT;
		};
		63E4E5821289F8D3008AFD0A /* Media */ = {
			isa = PBXGroup;
			children = (
				6345E6281376585D005AF247 /* Icon */,
				63E4E5831289F8D3008AFD0A /* Images */,
				6345E6301376585D005AF247 /* Launch */,
			);
			name = Media;
			path = Source/Resources/Media;
			sourceTree = SOURCE_ROOT;
		};
		63E4E5831289F8D3008AFD0A /* Images */ = {
			isa = PBXGroup;
			children = (
				63E4E5841289F8D3008AFD0A /* Tabs */,
			);
			name = Images;
			path = Source/Resources/Media/Images;
			sourceTree = SOURCE_ROOT;
		};
		63E4E5841289F8D3008AFD0A /* Tabs */ = {
			isa = PBXGroup;
			children = (
				63D9E60212C707C00083EEB8 /* Book.png */,
				63D9E60312C707C00083EEB8 /* Book@2x.png */,
				63D9E60612C707C00083EEB8 /* Bookmarks.png */,
				63D9E60712C707C00083EEB8 /* Bookmarks@2x.png */,
				63F77EA112F007BD008C61E0 /* Bulb.png */,
				63F77EA212F007BD008C61E0 /* Bulb@2x.png */,
				63F77EB112F007BD008C61E0 /* Settings.png */,
				63F77EB212F007BD008C61E0 /* Settings@2x.png */,
				63F77EB312F007BD008C61E0 /* Super8.png */,
				63F77EB412F007BD008C61E0 /* Super8@2x.png */,
			);
			name = Tabs;
			path = Source/Resources/Media/Images/Tabs;
			sourceTree = SOURCE_ROOT;
		};
/* End PBXGroup section */

/* Begin PBXNativeTarget section */
		1D6058900D05DD3D006BFB54 /* TabBarKitCatalog */ = {
			isa = PBXNativeTarget;
			buildConfigurationList = 1D6058960D05DD3E006BFB54 /* Build configuration list for PBXNativeTarget "TabBarKitCatalog" */;
			buildPhases = (
				1D60588E0D05DD3D006BFB54 /* Sources */,
				1D60588D0D05DD3D006BFB54 /* Resources */,
				1D60588F0D05DD3D006BFB54 /* Frameworks */,
				638438031040EAF800D29404 /* Copy Library Support Bundles */,
			);
			buildRules = (
			);
			dependencies = (
			);
			name = TabBarKitCatalog;
			productName = TabBarKitCatalog;
			productReference = 1D6058910D05DD3D006BFB54 /* TabBarKitCatalog.app */;
			productType = "com.apple.product-type.application";
		};
/* End PBXNativeTarget section */

/* Begin PBXProject section */
		29B97313FDCFA39411CA2CEA /* Project object */ = {
			isa = PBXProject;
			attributes = {
				ORGANIZATIONNAME = Semantap;
			};
			buildConfigurationList = C01FCF4E08A954540054247B /* Build configuration list for PBXProject "TabBarKitCatalog" */;
			compatibilityVersion = "Xcode 3.2";
			developmentRegion = English;
			hasScannedForEncodings = 1;
			knownRegions = (
				English,
				Japanese,
				French,
				German,
				en,
			);
			mainGroup = 29B97314FDCFA39411CA2CEA /* CustomTemplate */;
			projectDirPath = "";
			projectRoot = "";
			targets = (
				1D6058900D05DD3D006BFB54 /* TabBarKitCatalog */,
			);
		};
/* End PBXProject section */

/* Begin PBXResourcesBuildPhase section */
		1D60588D0D05DD3D006BFB54 /* Resources */ = {
			isa = PBXResourcesBuildPhase;
			buildActionMask = 2147483647;
			files = (
				6384395F1040F75F00D29404 /* Localizable.strings in Resources */,
				638439601040F76100D29404 /* InfoPlist.strings in Resources */,
				638F2F1B108AD8DF0021685E /* Settings.bundle in Resources */,
				63D9E60C12C707C00083EEB8 /* Book.png in Resources */,
				63D9E60D12C707C00083EEB8 /* Book@2x.png in Resources */,
				63D9E61012C707C00083EEB8 /* Bookmarks.png in Resources */,
				63D9E61112C707C00083EEB8 /* Bookmarks@2x.png in Resources */,
				63F77EB512F007BD008C61E0 /* Bulb.png in Resources */,
				63F77EB612F007BD008C61E0 /* Bulb@2x.png in Resources */,
				63F77EC512F007BD008C61E0 /* Settings.png in Resources */,
				63F77EC612F007BD008C61E0 /* Settings@2x.png in Resources */,
				63F77EC712F007BD008C61E0 /* Super8.png in Resources */,
				63F77EC812F007BD008C61E0 /* Super8@2x.png in Resources */,
				6345E6271376583C005AF247 /* UserDefaults.plist in Resources */,
				6345E6351376585D005AF247 /* Icon-72.png in Resources */,
				6345E6361376585D005AF247 /* Icon-Small-50.png in Resources */,
				6345E6371376585D005AF247 /* Icon-Small.png in Resources */,
				6345E6381376585D005AF247 /* Icon-Small@2x.png in Resources */,
				6345E6391376585D005AF247 /* Icon.png in Resources */,
				6345E63A1376585D005AF247 /* Icon@2x.png in Resources */,
				6345E63B1376585D005AF247 /* iTunesArtwork in Resources */,
				6345E63C1376585D005AF247 /* Default@2x~iphone.png in Resources */,
				6345E63D1376585D005AF247 /* Default~iphone.png in Resources */,
				6345E63E1376585D005AF247 /* LaunchPad-Landscape.png in Resources */,
				6345E63F1376585D005AF247 /* LaunchPad-Portrait.png in Resources */,
				63A2B5CD170A5597006923B2 /* Default-568h@2x.png in Resources */,
			);
			runOnlyForDeploymentPostprocessing = 0;
		};
/* End PBXResourcesBuildPhase section */

/* Begin PBXShellScriptBuildPhase section */
		638438031040EAF800D29404 /* Copy Library Support Bundles */ = {
			isa = PBXShellScriptBuildPhase;
			buildActionMask = 2147483647;
			files = (
			);
			inputPaths = (
			);
			name = "Copy Library Support Bundles";
			outputPaths = (
			);
			runOnlyForDeploymentPostprocessing = 0;
			shellPath = /bin/tcsh;
			shellScript = "${SCRIPT_COPY_RESOURCE_BUNDLE} ${TABBARKIT_RESOURCE_BUNDLE_NAME}";
		};
/* End PBXShellScriptBuildPhase section */

/* Begin PBXSourcesBuildPhase section */
		1D60588E0D05DD3D006BFB54 /* Sources */ = {
			isa = PBXSourcesBuildPhase;
			buildActionMask = 2147483647;
			files = (
				6384395E1040F72D00D29404 /* main.m in Sources */,
				6345E65413765ABF005AF247 /* TBKCContentViewController.m in Sources */,
				6345E65513765ABF005AF247 /* TBKCDetailViewController.m in Sources */,
				6345E65613765ABF005AF247 /* TBKCImagesViewController.m in Sources */,
				6345E65713765ABF005AF247 /* TBKCMasterViewController.m in Sources */,
				6345E65813765ABF005AF247 /* TBKCMoviesViewController.m in Sources */,
				6345E65913765ABF005AF247 /* TBKCSettingsViewController.m in Sources */,
				6345E65E13765ACA005AF247 /* TBKCApplicationDelegate.m in Sources */,
				6345E65F13765ACA005AF247 /* TBKCUserDefaults.m in Sources */,
			);
			runOnlyForDeploymentPostprocessing = 0;
		};
/* End PBXSourcesBuildPhase section */

/* Begin PBXVariantGroup section */
		638438191040EB5400D29404 /* InfoPlist.strings */ = {
			isa = PBXVariantGroup;
			children = (
				6384381A1040EB5400D29404 /* en */,
			);
			name = InfoPlist.strings;
			path = Source/Resources/Localizations;
			sourceTree = SOURCE_ROOT;
		};
		6384381B1040EB5400D29404 /* Localizable.strings */ = {
			isa = PBXVariantGroup;
			children = (
				6384381C1040EB5400D29404 /* en */,
			);
			name = Localizable.strings;
			path = Source/Resources/Localizations;
			sourceTree = SOURCE_ROOT;
		};
/* End PBXVariantGroup section */

/* Begin XCBuildConfiguration section */
		1D6058940D05DD3E006BFB54 /* Debug */ = {
			isa = XCBuildConfiguration;
			baseConfigurationReference = 63F7E3DA137656490053B106 /* Debug.xcconfig */;
			buildSettings = {
				CLANG_ENABLE_OBJC_ARC = YES;
				SDKROOT = iphoneos;
			};
			name = Debug;
		};
		1D6058950D05DD3E006BFB54 /* Release */ = {
			isa = XCBuildConfiguration;
			baseConfigurationReference = 63F7E3DB137656490053B106 /* Release.xcconfig */;
			buildSettings = {
				CLANG_ENABLE_OBJC_ARC = YES;
				SDKROOT = iphoneos;
			};
			name = Release;
		};
		C01FCF4F08A954540054247B /* Debug */ = {
			isa = XCBuildConfiguration;
			baseConfigurationReference = 638438071040EB4100D29404 /* Project.xcconfig */;
			buildSettings = {
			};
			name = Debug;
		};
		C01FCF5008A954540054247B /* Release */ = {
			isa = XCBuildConfiguration;
			baseConfigurationReference = 638438071040EB4100D29404 /* Project.xcconfig */;
			buildSettings = {
			};
			name = Release;
		};
/* End XCBuildConfiguration section */

/* Begin XCConfigurationList section */
		1D6058960D05DD3E006BFB54 /* Build configuration list for PBXNativeTarget "TabBarKitCatalog" */ = {
			isa = XCConfigurationList;
			buildConfigurations = (
				1D6058940D05DD3E006BFB54 /* Debug */,
				1D6058950D05DD3E006BFB54 /* Release */,
			);
			defaultConfigurationIsVisible = 0;
			defaultConfigurationName = Release;
		};
		C01FCF4E08A954540054247B /* Build configuration list for PBXProject "TabBarKitCatalog" */ = {
			isa = XCConfigurationList;
			buildConfigurations = (
				C01FCF4F08A954540054247B /* Debug */,
				C01FCF5008A954540054247B /* Release */,
			);
			defaultConfigurationIsVisible = 0;
			defaultConfigurationName = Release;
		};
/* End XCConfigurationList section */
	};
	rootObject = 29B97313FDCFA39411CA2CEA /* Project object */;
}
